
Microsoft Visual Studio Solution File, Format Version 12.00
# Visual Studio Version 17
VisualStudioVersion = 17.5.002.0
MinimumVisualStudioVersion = 10.0.40219.1
Project("{9A19103F-16F7-4668-BE54-9A1E7A4F7556}") = "GradeCalculator", "GradeCalculator.csproj", "{BBD1AD57-3347-4C0E-B5BD-06B02B153A33}"
EndProject
Global
	GlobalSection(SolutionConfigurationPlatforms) = preSolution
		Debug|Any CPU = Debug|Any CPU
		Release|Any CPU = Release|Any CPU
	EndGlobalSection
	GlobalSection(ProjectConfigurationPlatforms) = postSolution
		{BBD1AD57-3347-4C0E-B5BD-06B02B153A33}.Debug|Any CPU.ActiveCfg = Debug|Any CPU
		{BBD1AD57-3347-4C0E-B5BD-06B02B153A33}.Debug|Any CPU.Build.0 = Debug|Any CPU
		{BBD1AD57-3347-4C0E-B5BD-06B02B153A33}.Release|Any CPU.ActiveCfg = Release|Any CPU
		{BBD1AD57-3347-4C0E-B5BD-06B02B153A33}.Release|Any CPU.Build.0 = Release|Any CPU
	EndGlobalSection
	GlobalSection(SolutionProperties) = preSolution
		HideSolutionNode = FALSE
	EndGlobalSection
	GlobalSection(ExtensibilityGlobals) = postSolution
		SolutionGuid = {B6613EBA-B77D-4457-BD5D-D85B207C81CB}
	EndGlobalSection
EndGlobal
